
Microsoft Visual Studio Solution File, Format Version 12.00
# Visual Studio 2012
Project("{FAE04EC0-301F-11D3-BF4B-00C04F79EFBC}") = "Ejercicio11", "Graziano.Julian.Ejercicios\Ejercicio11.csproj", "{C6AFD520-79A4-4424-96D4-6FD91D1E74B8}"
EndProject
Project("{FAE04EC0-301F-11D3-BF4B-00C04F79EFBC}") = "Ejercicio16", "Ejercicio16\Ejercicio16.csproj", "{5390D11E-F57C-4EC0-9169-A6FBC168AF61}"
EndProject
Project("{FAE04EC0-301F-11D3-BF4B-00C04F79EFBC}") = "Ejercicio17", "Ejercicio17\Ejercicio17.csproj", "{1BC4B68E-F8DF-4D7E-927B-439FD1A73342}"
EndProject
Project("{FAE04EC0-301F-11D3-BF4B-00C04F79EFBC}") = "Ejercicio19", "Ejercicio18\Ejercicio19.csproj", "{D102C505-0150-481E-85FD-68F893FF9AE0}"
EndProject
Project("{FAE04EC0-301F-11D3-BF4B-00C04F79EFBC}") = "Ejercicio20", "Ejercicio20\Ejercicio20.csproj", "{A13FF25D-F5D3-4BCB-88DB-DB3AD82FD166}"
EndProject
Global
	GlobalSection(SolutionConfigurationPlatforms) = preSolution
		Debug|Any CPU = Debug|Any CPU
		Release|Any CPU = Release|Any CPU
	EndGlobalSection
	GlobalSection(ProjectConfigurationPlatforms) = postSolution
		{C6AFD520-79A4-4424-96D4-6FD91D1E74B8}.Debug|Any CPU.ActiveCfg = Debug|Any CPU
		{C6AFD520-79A4-4424-96D4-6FD91D1E74B8}.Debug|Any CPU.Build.0 = Debug|Any CPU
		{C6AFD520-79A4-4424-96D4-6FD91D1E74B8}.Release|Any CPU.ActiveCfg = Release|Any CPU
		{C6AFD520-79A4-4424-96D4-6FD91D1E74B8}.Release|Any CPU.Build.0 = Release|Any CPU
		{5390D11E-F57C-4EC0-9169-A6FBC168AF61}.Debug|Any CPU.ActiveCfg = Debug|Any CPU
		{5390D11E-F57C-4EC0-9169-A6FBC168AF61}.Debug|Any CPU.Build.0 = Debug|Any CPU
		{5390D11E-F57C-4EC0-9169-A6FBC168AF61}.Release|Any CPU.ActiveCfg = Release|Any CPU
		{5390D11E-F57C-4EC0-9169-A6FBC168AF61}.Release|Any CPU.Build.0 = Release|Any CPU
		{1BC4B68E-F8DF-4D7E-927B-439FD1A73342}.Debug|Any CPU.ActiveCfg = Debug|Any CPU
		{1BC4B68E-F8DF-4D7E-927B-439FD1A73342}.Debug|Any CPU.Build.0 = Debug|Any CPU
		{1BC4B68E-F8DF-4D7E-927B-439FD1A73342}.Release|Any CPU.ActiveCfg = Release|Any CPU
		{1BC4B68E-F8DF-4D7E-927B-439FD1A73342}.Release|Any CPU.Build.0 = Release|Any CPU
		{D102C505-0150-481E-85FD-68F893FF9AE0}.Debug|Any CPU.ActiveCfg = Debug|Any CPU
		{D102C505-0150-481E-85FD-68F893FF9AE0}.Debug|Any CPU.Build.0 = Debug|Any CPU
		{D102C505-0150-481E-85FD-68F893FF9AE0}.Release|Any CPU.ActiveCfg = Release|Any CPU
		{D102C505-0150-481E-85FD-68F893FF9AE0}.Release|Any CPU.Build.0 = Release|Any CPU
		{A13FF25D-F5D3-4BCB-88DB-DB3AD82FD166}.Debug|Any CPU.ActiveCfg = Debug|Any CPU
		{A13FF25D-F5D3-4BCB-88DB-DB3AD82FD166}.Debug|Any CPU.Build.0 = Debug|Any CPU
		{A13FF25D-F5D3-4BCB-88DB-DB3AD82FD166}.Release|Any CPU.ActiveCfg = Release|Any CPU
		{A13FF25D-F5D3-4BCB-88DB-DB3AD82FD166}.Release|Any CPU.Build.0 = Release|Any CPU
	EndGlobalSection
	GlobalSection(SolutionProperties) = preSolution
		HideSolutionNode = FALSE
	EndGlobalSection
EndGlobal
