
Microsoft Visual Studio Solution File, Format Version 12.00
# Visual Studio 2012
Project("{FAE04EC0-301F-11D3-BF4B-00C04F79EFBC}") = "Ejercicio11", "Graziano.Julian.Ejercicios\Ejercicio11.csproj", "{C6AFD520-79A4-4424-96D4-6FD91D1E74B8}"
EndProject
Project("{FAE04EC0-301F-11D3-BF4B-00C04F79EFBC}") = "Ejercicio16", "Ejercicio16\Ejercicio16.csproj", "{5390D11E-F57C-4EC0-9169-A6FBC168AF61}"
EndProject
Project("{FAE04EC0-301F-11D3-BF4B-00C04F79EFBC}") = "Ejercicio17", "Ejercicio17\Ejercicio17.csproj", "{1BC4B68E-F8DF-4D7E-927B-439FD1A73342}"
EndProject
Project("{FAE04EC0-301F-11D3-BF4B-00C04F79EFBC}") = "Ejercicio19", "Ejercicio18\Ejercicio19.csproj", "{D102C505-0150-481E-85FD-68F893FF9AE0}"
EndProject
Project("{FAE04EC0-301F-11D3-BF4B-00C04F79EFBC}") = "Ejercicio20", "Ejercicio20\Ejercicio20.csproj", "{A13FF25D-F5D3-4BCB-88DB-DB3AD82FD166}"
EndProject
Project("{FAE04EC0-301F-11D3-BF4B-00C04F79EFBC}") = "EjercicioClase5", "EjercicioClase5\EjercicioClase5.csproj", "{17DDC068-0ED8-4C3E-A2F4-27EAFDE66F90}"
EndProject
Project("{2150E333-8FDC-42A3-9474-1A3956D46DE8}") = "Ejercicios_Guia", "Ejercicios_Guia", "{8EBEE1E0-96C8-4FD7-AC98-2498A477F550}"
EndProject
Project("{2150E333-8FDC-42A3-9474-1A3956D46DE8}") = "Ejercicio_especial", "Ejercicio_especial", "{941B0547-0AA2-417E-BBDD-C2E160A45F5C}"
EndProject
Project("{2150E333-8FDC-42A3-9474-1A3956D46DE8}") = "Ejercicios_deClase", "Ejercicios_deClase", "{7498014B-A2C6-423E-A4B3-9750CB603BFE}"
EndProject
Project("{FAE04EC0-301F-11D3-BF4B-00C04F79EFBC}") = "CentralitaHerencia", "CentralTelefonica\CentralitaHerencia.csproj", "{B28873C9-6928-46B4-A848-925C4D27CF22}"
EndProject
Project("{FAE04EC0-301F-11D3-BF4B-00C04F79EFBC}") = "CentralitaPolimorfismo", "CentralTelefonica2\CentralitaPolimorfismo.csproj", "{EC7BBD47-42CE-4460-BCDB-B506C5392D72}"
EndProject
Global
	GlobalSection(SolutionConfigurationPlatforms) = preSolution
		Debug|Any CPU = Debug|Any CPU
		Release|Any CPU = Release|Any CPU
	EndGlobalSection
	GlobalSection(ProjectConfigurationPlatforms) = postSolution
		{C6AFD520-79A4-4424-96D4-6FD91D1E74B8}.Debug|Any CPU.ActiveCfg = Debug|Any CPU
		{C6AFD520-79A4-4424-96D4-6FD91D1E74B8}.Debug|Any CPU.Build.0 = Debug|Any CPU
		{C6AFD520-79A4-4424-96D4-6FD91D1E74B8}.Release|Any CPU.ActiveCfg = Release|Any CPU
		{C6AFD520-79A4-4424-96D4-6FD91D1E74B8}.Release|Any CPU.Build.0 = Release|Any CPU
		{5390D11E-F57C-4EC0-9169-A6FBC168AF61}.Debug|Any CPU.ActiveCfg = Debug|Any CPU
		{5390D11E-F57C-4EC0-9169-A6FBC168AF61}.Debug|Any CPU.Build.0 = Debug|Any CPU
		{5390D11E-F57C-4EC0-9169-A6FBC168AF61}.Release|Any CPU.ActiveCfg = Release|Any CPU
		{5390D11E-F57C-4EC0-9169-A6FBC168AF61}.Release|Any CPU.Build.0 = Release|Any CPU
		{1BC4B68E-F8DF-4D7E-927B-439FD1A73342}.Debug|Any CPU.ActiveCfg = Debug|Any CPU
		{1BC4B68E-F8DF-4D7E-927B-439FD1A73342}.Debug|Any CPU.Build.0 = Debug|Any CPU
		{1BC4B68E-F8DF-4D7E-927B-439FD1A73342}.Release|Any CPU.ActiveCfg = Release|Any CPU
		{1BC4B68E-F8DF-4D7E-927B-439FD1A73342}.Release|Any CPU.Build.0 = Release|Any CPU
		{D102C505-0150-481E-85FD-68F893FF9AE0}.Debug|Any CPU.ActiveCfg = Debug|Any CPU
		{D102C505-0150-481E-85FD-68F893FF9AE0}.Debug|Any CPU.Build.0 = Debug|Any CPU
		{D102C505-0150-481E-85FD-68F893FF9AE0}.Release|Any CPU.ActiveCfg = Release|Any CPU
		{D102C505-0150-481E-85FD-68F893FF9AE0}.Release|Any CPU.Build.0 = Release|Any CPU
		{A13FF25D-F5D3-4BCB-88DB-DB3AD82FD166}.Debug|Any CPU.ActiveCfg = Debug|Any CPU
		{A13FF25D-F5D3-4BCB-88DB-DB3AD82FD166}.Debug|Any CPU.Build.0 = Debug|Any CPU
		{A13FF25D-F5D3-4BCB-88DB-DB3AD82FD166}.Release|Any CPU.ActiveCfg = Release|Any CPU
		{A13FF25D-F5D3-4BCB-88DB-DB3AD82FD166}.Release|Any CPU.Build.0 = Release|Any CPU
		{17DDC068-0ED8-4C3E-A2F4-27EAFDE66F90}.Debug|Any CPU.ActiveCfg = Debug|Any CPU
		{17DDC068-0ED8-4C3E-A2F4-27EAFDE66F90}.Debug|Any CPU.Build.0 = Debug|Any CPU
		{17DDC068-0ED8-4C3E-A2F4-27EAFDE66F90}.Release|Any CPU.ActiveCfg = Release|Any CPU
		{17DDC068-0ED8-4C3E-A2F4-27EAFDE66F90}.Release|Any CPU.Build.0 = Release|Any CPU
		{B28873C9-6928-46B4-A848-925C4D27CF22}.Debug|Any CPU.ActiveCfg = Debug|Any CPU
		{B28873C9-6928-46B4-A848-925C4D27CF22}.Debug|Any CPU.Build.0 = Debug|Any CPU
		{B28873C9-6928-46B4-A848-925C4D27CF22}.Release|Any CPU.ActiveCfg = Release|Any CPU
		{B28873C9-6928-46B4-A848-925C4D27CF22}.Release|Any CPU.Build.0 = Release|Any CPU
		{EC7BBD47-42CE-4460-BCDB-B506C5392D72}.Debug|Any CPU.ActiveCfg = Debug|Any CPU
		{EC7BBD47-42CE-4460-BCDB-B506C5392D72}.Debug|Any CPU.Build.0 = Debug|Any CPU
		{EC7BBD47-42CE-4460-BCDB-B506C5392D72}.Release|Any CPU.ActiveCfg = Release|Any CPU
		{EC7BBD47-42CE-4460-BCDB-B506C5392D72}.Release|Any CPU.Build.0 = Release|Any CPU
	EndGlobalSection
	GlobalSection(SolutionProperties) = preSolution
		HideSolutionNode = FALSE
	EndGlobalSection
	GlobalSection(NestedProjects) = preSolution
		{5390D11E-F57C-4EC0-9169-A6FBC168AF61} = {8EBEE1E0-96C8-4FD7-AC98-2498A477F550}
		{1BC4B68E-F8DF-4D7E-927B-439FD1A73342} = {8EBEE1E0-96C8-4FD7-AC98-2498A477F550}
		{D102C505-0150-481E-85FD-68F893FF9AE0} = {8EBEE1E0-96C8-4FD7-AC98-2498A477F550}
		{A13FF25D-F5D3-4BCB-88DB-DB3AD82FD166} = {8EBEE1E0-96C8-4FD7-AC98-2498A477F550}
		{C6AFD520-79A4-4424-96D4-6FD91D1E74B8} = {8EBEE1E0-96C8-4FD7-AC98-2498A477F550}
		{17DDC068-0ED8-4C3E-A2F4-27EAFDE66F90} = {7498014B-A2C6-423E-A4B3-9750CB603BFE}
		{B28873C9-6928-46B4-A848-925C4D27CF22} = {941B0547-0AA2-417E-BBDD-C2E160A45F5C}
		{EC7BBD47-42CE-4460-BCDB-B506C5392D72} = {941B0547-0AA2-417E-BBDD-C2E160A45F5C}
	EndGlobalSection
EndGlobal
